
Microsoft Visual Studio Solution File, Format Version 12.00
# Visual Studio Version 17
VisualStudioVersion = 17.5.002.0
MinimumVisualStudioVersion = 10.0.40219.1
Project("{9A19103F-16F7-4668-BE54-9A1E7A4F7556}") = "ASTGen", "ASTGen\ASTGen.csproj", "{2D799A28-B7B6-4966-9991-8D8EB71F8BCE}"
EndProject
Global
	GlobalSection(SolutionConfigurationPlatforms) = preSolution
		Debug|Any CPU = Debug|Any CPU
		Release|Any CPU = Release|Any CPU
	EndGlobalSection
	GlobalSection(ProjectConfigurationPlatforms) = postSolution
		{2D799A28-B7B6-4966-9991-8D8EB71F8BCE}.Debug|Any CPU.ActiveCfg = Debug|Any CPU
		{2D799A28-B7B6-4966-9991-8D8EB71F8BCE}.Debug|Any CPU.Build.0 = Debug|Any CPU
		{2D799A28-B7B6-4966-9991-8D8EB71F8BCE}.Release|Any CPU.ActiveCfg = Release|Any CPU
		{2D799A28-B7B6-4966-9991-8D8EB71F8BCE}.Release|Any CPU.Build.0 = Release|Any CPU
	EndGlobalSection
	GlobalSection(SolutionProperties) = preSolution
		HideSolutionNode = FALSE
	EndGlobalSection
	GlobalSection(ExtensibilityGlobals) = postSolution
		SolutionGuid = {115D7127-70CC-4C3C-8F02-FDECA9FE29C9}
	EndGlobalSection
EndGlobal
